
Microsoft Visual Studio Solution File, Format Version 12.00
# Visual Studio 15
VisualStudioVersion = 15.0.27130.2003
MinimumVisualStudioVersion = 10.0.40219.1
Project("{FAE04EC0-301F-11D3-BF4B-00C04F79EFBC}") = "MyWebTest", "MyWebTest\MyWebTest.csproj", "{AB653061-A49C-4222-BD10-DC492DFDC66D}"
EndProject
Global
	GlobalSection(SolutionConfigurationPlatforms) = preSolution
		Debug|Any CPU = Debug|Any CPU
		Release|Any CPU = Release|Any CPU
	EndGlobalSection
	GlobalSection(ProjectConfigurationPlatforms) = postSolution
		{AB653061-A49C-4222-BD10-DC492DFDC66D}.Debug|Any CPU.ActiveCfg = Debug|Any CPU
		{AB653061-A49C-4222-BD10-DC492DFDC66D}.Debug|Any CPU.Build.0 = Debug|Any CPU
		{AB653061-A49C-4222-BD10-DC492DFDC66D}.Release|Any CPU.ActiveCfg = Release|Any CPU
		{AB653061-A49C-4222-BD10-DC492DFDC66D}.Release|Any CPU.Build.0 = Release|Any CPU
	EndGlobalSection
	GlobalSection(SolutionProperties) = preSolution
		HideSolutionNode = FALSE
	EndGlobalSection
	GlobalSection(ExtensibilityGlobals) = postSolution
		SolutionGuid = {BC31BDF5-DA24-4824-88FD-9DBA1A3D8FF9}
	EndGlobalSection
EndGlobal
